<?xml version="1.0" encoding="UTF-8" standalone="yes" ?>
<CodeBlocks_project_file>
   <FileVersion major="1" minor="6" />
   <Project>
      <Option title="RacingGame" />
      <Option makefile_is_custom="1" />
      <Option compiler="gcc" />
      <Option virtualFolders="CMake Files\;CMake Files\..\;CMake Files\..\cmake\;CMake Files\static\;CMake Files\static\Core\;CMake Files\application\;CMake Files\application\RacingGame\;" />
      <Build>
      <Target title="all">
         <Option working_dir="/servers/krag/hdd-home3/fwehling/raceflection/game-build" />
         <Option type="4" />
         <MakeCommands>
            <Build command="/usr/bin/make -f &quot;/servers/krag/hdd-home3/fwehling/raceflection/game-build/Makefile&quot;  VERBOSE=1 all" />
            <CompileFile command="/usr/bin/make -f &quot;/servers/krag/hdd-home3/fwehling/raceflection/game-build/Makefile&quot;  VERBOSE=1 &quot;$file&quot;" />
            <Clean command="/usr/bin/make -f &quot;/servers/krag/hdd-home3/fwehling/raceflection/game-build/Makefile&quot;  VERBOSE=1 clean" />
            <DistClean command="/usr/bin/make -f &quot;/servers/krag/hdd-home3/fwehling/raceflection/game-build/Makefile&quot;  VERBOSE=1 clean" />
         </MakeCommands>
      </Target>
      <Target title="edit_cache">
         <Option working_dir="/servers/krag/hdd-home3/fwehling/raceflection/game-build" />
         <Option type="4" />
         <MakeCommands>
            <Build command="/usr/bin/make -f &quot;/servers/krag/hdd-home3/fwehling/raceflection/game-build/Makefile&quot;  VERBOSE=1 edit_cache" />
            <CompileFile command="/usr/bin/make -f &quot;/servers/krag/hdd-home3/fwehling/raceflection/game-build/Makefile&quot;  VERBOSE=1 &quot;$file&quot;" />
            <Clean command="/usr/bin/make -f &quot;/servers/krag/hdd-home3/fwehling/raceflection/game-build/Makefile&quot;  VERBOSE=1 clean" />
            <DistClean command="/usr/bin/make -f &quot;/servers/krag/hdd-home3/fwehling/raceflection/game-build/Makefile&quot;  VERBOSE=1 clean" />
         </MakeCommands>
      </Target>
      <Target title="rebuild_cache">
         <Option working_dir="/servers/krag/hdd-home3/fwehling/raceflection/game-build" />
         <Option type="4" />
         <MakeCommands>
            <Build command="/usr/bin/make -f &quot;/servers/krag/hdd-home3/fwehling/raceflection/game-build/Makefile&quot;  VERBOSE=1 rebuild_cache" />
            <CompileFile command="/usr/bin/make -f &quot;/servers/krag/hdd-home3/fwehling/raceflection/game-build/Makefile&quot;  VERBOSE=1 &quot;$file&quot;" />
            <Clean command="/usr/bin/make -f &quot;/servers/krag/hdd-home3/fwehling/raceflection/game-build/Makefile&quot;  VERBOSE=1 clean" />
            <DistClean command="/usr/bin/make -f &quot;/servers/krag/hdd-home3/fwehling/raceflection/game-build/Makefile&quot;  VERBOSE=1 clean" />
         </MakeCommands>
      </Target>
      <Target title="static_Core">
         <Option output="/servers/krag/hdd-home3/fwehling/raceflection/game-build/lib/lib/libstatic_Core-d.a" prefix_auto="0" extension_auto="0" />
         <Option working_dir="/servers/krag/hdd-home3/fwehling/raceflection/game-build/static/Core" />
         <Option object_output="./" />
         <Option type="2" />
         <Option compiler="gcc" />
         <Compiler>
            <Add directory="/servers/krag/hdd-home3/fwehling/raceflection/game/static/Core/include" />
            <Add directory="/usr/include" />
            <Add directory="/usr/include/c++/4.9" />
            <Add directory="/usr/include/c++/4.9/backward" />
            <Add directory="/usr/include/x86_64-linux-gnu" />
            <Add directory="/usr/include/x86_64-linux-gnu/c++/4.9" />
            <Add directory="/usr/lib/gcc/x86_64-linux-gnu/4.9/include" />
            <Add directory="/usr/lib/gcc/x86_64-linux-gnu/4.9/include-fixed" />
            <Add directory="/usr/local/include" />
         </Compiler>
         <MakeCommands>
            <Build command="/usr/bin/make -f &quot;/servers/krag/hdd-home3/fwehling/raceflection/game-build/static/Core/Makefile&quot;  VERBOSE=1 static_Core" />
            <CompileFile command="/usr/bin/make -f &quot;/servers/krag/hdd-home3/fwehling/raceflection/game-build/static/Core/Makefile&quot;  VERBOSE=1 &quot;$file&quot;" />
            <Clean command="/usr/bin/make -f &quot;/servers/krag/hdd-home3/fwehling/raceflection/game-build/static/Core/Makefile&quot;  VERBOSE=1 clean" />
            <DistClean command="/usr/bin/make -f &quot;/servers/krag/hdd-home3/fwehling/raceflection/game-build/static/Core/Makefile&quot;  VERBOSE=1 clean" />
         </MakeCommands>
      </Target>
      <Target title="static_Core/fast">
         <Option output="/servers/krag/hdd-home3/fwehling/raceflection/game-build/lib/lib/libstatic_Core-d.a" prefix_auto="0" extension_auto="0" />
         <Option working_dir="/servers/krag/hdd-home3/fwehling/raceflection/game-build/static/Core" />
         <Option object_output="./" />
         <Option type="2" />
         <Option compiler="gcc" />
         <Compiler>
            <Add directory="/servers/krag/hdd-home3/fwehling/raceflection/game/static/Core/include" />
            <Add directory="/usr/include" />
            <Add directory="/usr/include/c++/4.9" />
            <Add directory="/usr/include/c++/4.9/backward" />
            <Add directory="/usr/include/x86_64-linux-gnu" />
            <Add directory="/usr/include/x86_64-linux-gnu/c++/4.9" />
            <Add directory="/usr/lib/gcc/x86_64-linux-gnu/4.9/include" />
            <Add directory="/usr/lib/gcc/x86_64-linux-gnu/4.9/include-fixed" />
            <Add directory="/usr/local/include" />
         </Compiler>
         <MakeCommands>
            <Build command="/usr/bin/make -f &quot;/servers/krag/hdd-home3/fwehling/raceflection/game-build/static/Core/Makefile&quot;  VERBOSE=1 static_Core/fast" />
            <CompileFile command="/usr/bin/make -f &quot;/servers/krag/hdd-home3/fwehling/raceflection/game-build/static/Core/Makefile&quot;  VERBOSE=1 &quot;$file&quot;" />
            <Clean command="/usr/bin/make -f &quot;/servers/krag/hdd-home3/fwehling/raceflection/game-build/static/Core/Makefile&quot;  VERBOSE=1 clean" />
            <DistClean command="/usr/bin/make -f &quot;/servers/krag/hdd-home3/fwehling/raceflection/game-build/static/Core/Makefile&quot;  VERBOSE=1 clean" />
         </MakeCommands>
      </Target>
      <Target title="RacingGame">
         <Option output="/servers/krag/hdd-home3/fwehling/raceflection/game-build/bin/RacingGame-d" prefix_auto="0" extension_auto="0" />
         <Option working_dir="/servers/krag/hdd-home3/fwehling/raceflection/game-build/bin" />
         <Option object_output="./" />
         <Option type="1" />
         <Option compiler="gcc" />
         <Compiler>
            <Add option="-DACGL_OPENGL_PROFILE_CORE" />
            <Add option="-DACGL_OPENGL_VERSION_42" />
            <Add directory="/servers/krag/hdd-home3/fwehling/raceflection/cmake/../sdks/Unix/include" />
            <Add directory="/servers/krag/hdd-home3/fwehling/raceflection/cmake/../sdks/Unix/include/ " />
            <Add directory="/servers/krag/hdd-home3/fwehling/raceflection/cmake/../sdks/Unix/include/bullet" />
            <Add directory="/servers/krag/hdd-home3/fwehling/raceflection/game/application/RacingGame/include" />
            <Add directory="/servers/krag/hdd-home3/fwehling/raceflection/game/static/Core/include" />
            <Add directory="/usr/include" />
            <Add directory="/usr/include/c++/4.9" />
            <Add directory="/usr/include/c++/4.9/backward" />
            <Add directory="/usr/include/x86_64-linux-gnu" />
            <Add directory="/usr/include/x86_64-linux-gnu/c++/4.9" />
            <Add directory="/usr/lib/gcc/x86_64-linux-gnu/4.9/include" />
            <Add directory="/usr/lib/gcc/x86_64-linux-gnu/4.9/include-fixed" />
            <Add directory="/usr/local/include" />
         </Compiler>
         <MakeCommands>
            <Build command="/usr/bin/make -f &quot;/servers/krag/hdd-home3/fwehling/raceflection/game-build/application/RacingGame/Makefile&quot;  VERBOSE=1 RacingGame" />
            <CompileFile command="/usr/bin/make -f &quot;/servers/krag/hdd-home3/fwehling/raceflection/game-build/application/RacingGame/Makefile&quot;  VERBOSE=1 &quot;$file&quot;" />
            <Clean command="/usr/bin/make -f &quot;/servers/krag/hdd-home3/fwehling/raceflection/game-build/application/RacingGame/Makefile&quot;  VERBOSE=1 clean" />
            <DistClean command="/usr/bin/make -f &quot;/servers/krag/hdd-home3/fwehling/raceflection/game-build/application/RacingGame/Makefile&quot;  VERBOSE=1 clean" />
         </MakeCommands>
      </Target>
      <Target title="RacingGame/fast">
         <Option output="/servers/krag/hdd-home3/fwehling/raceflection/game-build/bin/RacingGame-d" prefix_auto="0" extension_auto="0" />
         <Option working_dir="/servers/krag/hdd-home3/fwehling/raceflection/game-build/bin" />
         <Option object_output="./" />
         <Option type="1" />
         <Option compiler="gcc" />
         <Compiler>
            <Add option="-DACGL_OPENGL_PROFILE_CORE" />
            <Add option="-DACGL_OPENGL_VERSION_42" />
            <Add directory="/servers/krag/hdd-home3/fwehling/raceflection/cmake/../sdks/Unix/include" />
            <Add directory="/servers/krag/hdd-home3/fwehling/raceflection/cmake/../sdks/Unix/include/ " />
            <Add directory="/servers/krag/hdd-home3/fwehling/raceflection/cmake/../sdks/Unix/include/bullet" />
            <Add directory="/servers/krag/hdd-home3/fwehling/raceflection/game/application/RacingGame/include" />
            <Add directory="/servers/krag/hdd-home3/fwehling/raceflection/game/static/Core/include" />
            <Add directory="/usr/include" />
            <Add directory="/usr/include/c++/4.9" />
            <Add directory="/usr/include/c++/4.9/backward" />
            <Add directory="/usr/include/x86_64-linux-gnu" />
            <Add directory="/usr/include/x86_64-linux-gnu/c++/4.9" />
            <Add directory="/usr/lib/gcc/x86_64-linux-gnu/4.9/include" />
            <Add directory="/usr/lib/gcc/x86_64-linux-gnu/4.9/include-fixed" />
            <Add directory="/usr/local/include" />
         </Compiler>
         <MakeCommands>
            <Build command="/usr/bin/make -f &quot;/servers/krag/hdd-home3/fwehling/raceflection/game-build/application/RacingGame/Makefile&quot;  VERBOSE=1 RacingGame/fast" />
            <CompileFile command="/usr/bin/make -f &quot;/servers/krag/hdd-home3/fwehling/raceflection/game-build/application/RacingGame/Makefile&quot;  VERBOSE=1 &quot;$file&quot;" />
            <Clean command="/usr/bin/make -f &quot;/servers/krag/hdd-home3/fwehling/raceflection/game-build/application/RacingGame/Makefile&quot;  VERBOSE=1 clean" />
            <DistClean command="/usr/bin/make -f &quot;/servers/krag/hdd-home3/fwehling/raceflection/game-build/application/RacingGame/Makefile&quot;  VERBOSE=1 clean" />
         </MakeCommands>
      </Target>
      </Build>
      <Unit filename="/servers/krag/hdd-home3/fwehling/raceflection/game/application/RacingGame/include/RenderSystem/Null/NullBackend.cpp">
      </Unit>
      <Unit filename="/servers/krag/hdd-home3/fwehling/raceflection/game/application/RacingGame/source/InputSystem/InputDevice.cpp">
      </Unit>
      <Unit filename="/servers/krag/hdd-home3/fwehling/raceflection/game/application/RacingGame/source/InputSystem/InputSystem.cpp">
      </Unit>
      <Unit filename="/servers/krag/hdd-home3/fwehling/raceflection/game/application/RacingGame/source/InputSystem/Joystick.cpp">
      </Unit>
      <Unit filename="/servers/krag/hdd-home3/fwehling/raceflection/game/application/RacingGame/source/InputSystem/Keyboard.cpp">
      </Unit>
      <Unit filename="/servers/krag/hdd-home3/fwehling/raceflection/game/application/RacingGame/source/InputSystem/Mouse.cpp">
      </Unit>
      <Unit filename="/servers/krag/hdd-home3/fwehling/raceflection/game/application/RacingGame/source/Main.cpp">
      </Unit>
      <Unit filename="/servers/krag/hdd-home3/fwehling/raceflection/game/application/RacingGame/source/OS/Linux/X11MessagePump.cpp">
      </Unit>
      <Unit filename="/servers/krag/hdd-home3/fwehling/raceflection/game/application/RacingGame/source/OS/Linux/X11RenderContext.cpp">
      </Unit>
      <Unit filename="/servers/krag/hdd-home3/fwehling/raceflection/game/application/RacingGame/source/OS/Linux/X11Window.cpp">
      </Unit>
      <Unit filename="/servers/krag/hdd-home3/fwehling/raceflection/game/application/RacingGame/source/OS/Windows/Win32MessagePump.cpp">
      </Unit>
      <Unit filename="/servers/krag/hdd-home3/fwehling/raceflection/game/application/RacingGame/source/OS/Windows/Win32RenderContext.cpp">
      </Unit>
      <Unit filename="/servers/krag/hdd-home3/fwehling/raceflection/game/application/RacingGame/source/OS/Windows/Win32Window.cpp">
      </Unit>
      <Unit filename="/servers/krag/hdd-home3/fwehling/raceflection/game/application/RacingGame/source/PhysicsSystem/DynamicMotionState.cpp">
      </Unit>
      <Unit filename="/servers/krag/hdd-home3/fwehling/raceflection/game/application/RacingGame/source/PhysicsSystem/PhysicsSystem.cpp">
      </Unit>
      <Unit filename="/servers/krag/hdd-home3/fwehling/raceflection/game/application/RacingGame/source/PhysicsSystem/Vehicle.cpp">
      </Unit>
      <Unit filename="/servers/krag/hdd-home3/fwehling/raceflection/game/application/RacingGame/source/Procedural/Tree.cpp">
      </Unit>
      <Unit filename="/servers/krag/hdd-home3/fwehling/raceflection/game/application/RacingGame/source/RenderSystem/DeferredRenderer.cpp">
      </Unit>
      <Unit filename="/servers/krag/hdd-home3/fwehling/raceflection/game/application/RacingGame/source/RenderSystem/Null/NullDispatcher.cpp">
      </Unit>
      <Unit filename="/servers/krag/hdd-home3/fwehling/raceflection/game/application/RacingGame/source/RenderSystem/OpenGL/OpenGLBackend.cpp">
      </Unit>
      <Unit filename="/servers/krag/hdd-home3/fwehling/raceflection/game/application/RacingGame/source/RenderSystem/OpenGL/OpenGLDispatcher.cpp">
      </Unit>
      <Unit filename="/servers/krag/hdd-home3/fwehling/raceflection/game/application/RacingGame/source/RenderSystem/OpenGL/OpenGLDriver.cpp">
      </Unit>
      <Unit filename="/servers/krag/hdd-home3/fwehling/raceflection/game/application/RacingGame/source/RenderSystem/OpenGLConversion.cpp">
      </Unit>
      <Unit filename="/servers/krag/hdd-home3/fwehling/raceflection/game/application/RacingGame/source/RenderSystem/RenderBucket.cpp">
      </Unit>
      <Unit filename="/servers/krag/hdd-home3/fwehling/raceflection/game/application/RacingGame/source/RenderSystem/RenderContext.cpp">
      </Unit>
      <Unit filename="/servers/krag/hdd-home3/fwehling/raceflection/game/application/RacingGame/source/RenderSystem/RenderDispatcher.cpp">
      </Unit>
      <Unit filename="/servers/krag/hdd-home3/fwehling/raceflection/game/application/RacingGame/source/RenderSystem/RenderSystem.cpp">
      </Unit>
      <Unit filename="/servers/krag/hdd-home3/fwehling/raceflection/game/application/RacingGame/source/WindowSystem/Window.cpp">
      </Unit>
      <Unit filename="/servers/krag/hdd-home3/fwehling/raceflection/game/application/RacingGame/source/WindowSystem/WindowSystem.cpp">
      </Unit>
      <Unit filename="/servers/krag/hdd-home3/fwehling/raceflection/game/static/Core/source/Allocator/Allocator.cpp">
      </Unit>
      <Unit filename="/servers/krag/hdd-home3/fwehling/raceflection/game/static/Core/source/Allocator/DefaultAllocator.cpp">
      </Unit>
      <Unit filename="/servers/krag/hdd-home3/fwehling/raceflection/game/static/Core/source/Allocator/DynamicStackAllocator.cpp">
      </Unit>
      <Unit filename="/servers/krag/hdd-home3/fwehling/raceflection/game/static/Core/source/Allocator/FreeListAllocator.cpp">
      </Unit>
      <Unit filename="/servers/krag/hdd-home3/fwehling/raceflection/game/static/Core/source/Allocator/LinearAllocator.cpp">
      </Unit>
      <Unit filename="/servers/krag/hdd-home3/fwehling/raceflection/game/static/Core/source/Allocator/PoolAllocator.cpp">
      </Unit>
      <Unit filename="/servers/krag/hdd-home3/fwehling/raceflection/game/static/Core/source/Allocator/StackAllocator.cpp">
      </Unit>
      <Unit filename="/servers/krag/hdd-home3/fwehling/raceflection/game/static/Core/source/Configuration/Configuration.cpp">
      </Unit>
      <Unit filename="/servers/krag/hdd-home3/fwehling/raceflection/game/static/Core/source/Logging/Logger.cpp">
      </Unit>
      <Unit filename="/servers/krag/hdd-home3/fwehling/raceflection/game/static/Core/source/Logging/Logging.cpp">
      </Unit>
      <Unit filename="/servers/krag/hdd-home3/fwehling/raceflection/game/static/Core/source/Math/Math.cpp">
      </Unit>
      <Unit filename="/servers/krag/hdd-home3/fwehling/raceflection/game/static/Core/source/Math/WindowsInstructions/Accessor.cpp">
      </Unit>
      <Unit filename="/servers/krag/hdd-home3/fwehling/raceflection/game/static/Core/source/Math/WindowsInstructions/Color.cpp">
      </Unit>
      <Unit filename="/servers/krag/hdd-home3/fwehling/raceflection/game/static/Core/source/Math/WindowsInstructions/Conversion.cpp">
      </Unit>
      <Unit filename="/servers/krag/hdd-home3/fwehling/raceflection/game/static/Core/source/Math/WindowsInstructions/Load.cpp">
      </Unit>
      <Unit filename="/servers/krag/hdd-home3/fwehling/raceflection/game/static/Core/source/Math/WindowsInstructions/Matrix.cpp">
      </Unit>
      <Unit filename="/servers/krag/hdd-home3/fwehling/raceflection/game/static/Core/source/Math/WindowsInstructions/Plane.cpp">
      </Unit>
      <Unit filename="/servers/krag/hdd-home3/fwehling/raceflection/game/static/Core/source/Math/WindowsInstructions/Quaternion.cpp">
      </Unit>
      <Unit filename="/servers/krag/hdd-home3/fwehling/raceflection/game/static/Core/source/Math/WindowsInstructions/Scalar.cpp">
      </Unit>
      <Unit filename="/servers/krag/hdd-home3/fwehling/raceflection/game/static/Core/source/Math/WindowsInstructions/Store.cpp">
      </Unit>
      <Unit filename="/servers/krag/hdd-home3/fwehling/raceflection/game/static/Core/source/Math/WindowsInstructions/Utility.cpp">
      </Unit>
      <Unit filename="/servers/krag/hdd-home3/fwehling/raceflection/game/static/Core/source/Math/WindowsInstructions/Vector.cpp">
      </Unit>
      <Unit filename="/servers/krag/hdd-home3/fwehling/raceflection/game/static/Core/source/Memory/Malloc.cpp">
      </Unit>
      <Unit filename="/servers/krag/hdd-home3/fwehling/raceflection/game/static/Core/source/Memory/MemorySystem.cpp">
      </Unit>
      <Unit filename="/servers/krag/hdd-home3/fwehling/raceflection/game/static/Core/source/Multithreading/JobScheduler.cpp">
      </Unit>
      <Unit filename="/servers/krag/hdd-home3/fwehling/raceflection/game/static/Core/source/Multithreading/ThreadGroup.cpp">
      </Unit>
      <Unit filename="/servers/krag/hdd-home3/fwehling/raceflection/game/static/Core/source/Utilities/Assert.cpp">
      </Unit>
      <Unit filename="/servers/krag/hdd-home3/fwehling/raceflection/game/static/Core/source/Utilities/FloatCompressor.cpp">
      </Unit>
      <Unit filename="/servers/krag/hdd-home3/fwehling/raceflection/game/static/Core/source/Utilities/Hash.cpp">
      </Unit>
      <Unit filename="/servers/krag/hdd-home3/fwehling/raceflection/game/static/Core/source/Utilities/Number.cpp">
      </Unit>
      <Unit filename="/servers/krag/hdd-home3/fwehling/raceflection/game/static/Core/source/Utilities/PointerTools.cpp">
      </Unit>
      <Unit filename="/servers/krag/hdd-home3/fwehling/raceflection/game/application/RacingGame/include/InputSystem/InputDevice.h">
      </Unit>
      <Unit filename="/servers/krag/hdd-home3/fwehling/raceflection/game/application/RacingGame/include/InputSystem/InputSystem.h">
      </Unit>
      <Unit filename="/servers/krag/hdd-home3/fwehling/raceflection/game/application/RacingGame/include/InputSystem/Joystick.h">
      </Unit>
      <Unit filename="/servers/krag/hdd-home3/fwehling/raceflection/game/application/RacingGame/include/InputSystem/Keyboard.h">
      </Unit>
      <Unit filename="/servers/krag/hdd-home3/fwehling/raceflection/game/application/RacingGame/include/InputSystem/Mouse.h">
      </Unit>
      <Unit filename="/servers/krag/hdd-home3/fwehling/raceflection/game/application/RacingGame/include/Logging.h">
      </Unit>
      <Unit filename="/servers/krag/hdd-home3/fwehling/raceflection/game/application/RacingGame/include/Main.h">
      </Unit>
      <Unit filename="/servers/krag/hdd-home3/fwehling/raceflection/game/application/RacingGame/include/OS/Linux/X11RenderContext.h">
      </Unit>
      <Unit filename="/servers/krag/hdd-home3/fwehling/raceflection/game/application/RacingGame/include/OS/Linux/X11Window.h">
      </Unit>
      <Unit filename="/servers/krag/hdd-home3/fwehling/raceflection/game/application/RacingGame/include/OS/Windows/MinWindows.h">
      </Unit>
      <Unit filename="/servers/krag/hdd-home3/fwehling/raceflection/game/application/RacingGame/include/OS/Windows/Win32RenderContext.h">
      </Unit>
      <Unit filename="/servers/krag/hdd-home3/fwehling/raceflection/game/application/RacingGame/include/OS/Windows/Win32Window.h">
      </Unit>
      <Unit filename="/servers/krag/hdd-home3/fwehling/raceflection/game/application/RacingGame/include/PhysicsSystem/DynamicMotionState.h">
      </Unit>
      <Unit filename="/servers/krag/hdd-home3/fwehling/raceflection/game/application/RacingGame/include/PhysicsSystem/PhysicsSystem.h">
      </Unit>
      <Unit filename="/servers/krag/hdd-home3/fwehling/raceflection/game/application/RacingGame/include/PhysicsSystem/Vehicle.h">
      </Unit>
      <Unit filename="/servers/krag/hdd-home3/fwehling/raceflection/game/application/RacingGame/include/Procedural/Procedural.h">
      </Unit>
      <Unit filename="/servers/krag/hdd-home3/fwehling/raceflection/game/application/RacingGame/include/Procedural/Tree.h">
      </Unit>
      <Unit filename="/servers/krag/hdd-home3/fwehling/raceflection/game/application/RacingGame/include/RenderSystem/DeferredRenderer.h">
      </Unit>
      <Unit filename="/servers/krag/hdd-home3/fwehling/raceflection/game/application/RacingGame/include/RenderSystem/Mesh.h">
      </Unit>
      <Unit filename="/servers/krag/hdd-home3/fwehling/raceflection/game/application/RacingGame/include/RenderSystem/Null/NullBackend.h">
      </Unit>
      <Unit filename="/servers/krag/hdd-home3/fwehling/raceflection/game/application/RacingGame/include/RenderSystem/Null/NullDispatcher.h">
      </Unit>
      <Unit filename="/servers/krag/hdd-home3/fwehling/raceflection/game/application/RacingGame/include/RenderSystem/OpenGL/OpenGLBackend.h">
      </Unit>
      <Unit filename="/servers/krag/hdd-home3/fwehling/raceflection/game/application/RacingGame/include/RenderSystem/OpenGL/OpenGLConversion.h">
      </Unit>
      <Unit filename="/servers/krag/hdd-home3/fwehling/raceflection/game/application/RacingGame/include/RenderSystem/OpenGL/OpenGLDispatcher.h">
      </Unit>
      <Unit filename="/servers/krag/hdd-home3/fwehling/raceflection/game/application/RacingGame/include/RenderSystem/OpenGL/OpenGLDriver.h">
      </Unit>
      <Unit filename="/servers/krag/hdd-home3/fwehling/raceflection/game/application/RacingGame/include/RenderSystem/RenderBackend.h">
      </Unit>
      <Unit filename="/servers/krag/hdd-home3/fwehling/raceflection/game/application/RacingGame/include/RenderSystem/RenderBucket.h">
      </Unit>
      <Unit filename="/servers/krag/hdd-home3/fwehling/raceflection/game/application/RacingGame/include/RenderSystem/RenderCommand.h">
      </Unit>
      <Unit filename="/servers/krag/hdd-home3/fwehling/raceflection/game/application/RacingGame/include/RenderSystem/RenderCommandPacket.h">
      </Unit>
      <Unit filename="/servers/krag/hdd-home3/fwehling/raceflection/game/application/RacingGame/include/RenderSystem/RenderContext.h">
      </Unit>
      <Unit filename="/servers/krag/hdd-home3/fwehling/raceflection/game/application/RacingGame/include/RenderSystem/RenderDispatcher.h">
      </Unit>
      <Unit filename="/servers/krag/hdd-home3/fwehling/raceflection/game/application/RacingGame/include/RenderSystem/RenderHandles.h">
      </Unit>
      <Unit filename="/servers/krag/hdd-home3/fwehling/raceflection/game/application/RacingGame/include/RenderSystem/RenderSystem.h">
      </Unit>
      <Unit filename="/servers/krag/hdd-home3/fwehling/raceflection/game/application/RacingGame/include/RenderSystem/RenderTypes.h">
      </Unit>
      <Unit filename="/servers/krag/hdd-home3/fwehling/raceflection/game/application/RacingGame/include/RenderSystem/Viewport.h">
      </Unit>
      <Unit filename="/servers/krag/hdd-home3/fwehling/raceflection/game/application/RacingGame/include/WindowSystem/Window.h">
      </Unit>
      <Unit filename="/servers/krag/hdd-home3/fwehling/raceflection/game/application/RacingGame/include/WindowSystem/WindowDesc.h">
      </Unit>
      <Unit filename="/servers/krag/hdd-home3/fwehling/raceflection/game/application/RacingGame/include/WindowSystem/WindowSystem.h">
      </Unit>
      <Unit filename="/servers/krag/hdd-home3/fwehling/raceflection/game/static/Core/include/Allocator/Allocator.h">
      </Unit>
      <Unit filename="/servers/krag/hdd-home3/fwehling/raceflection/game/static/Core/include/Allocator/DefaultAllocator.h">
      </Unit>
      <Unit filename="/servers/krag/hdd-home3/fwehling/raceflection/game/static/Core/include/Allocator/DynamicStackAllocator.h">
      </Unit>
      <Unit filename="/servers/krag/hdd-home3/fwehling/raceflection/game/static/Core/include/Allocator/FreeListAllocator.h">
      </Unit>
      <Unit filename="/servers/krag/hdd-home3/fwehling/raceflection/game/static/Core/include/Allocator/LinearAllocator.h">
      </Unit>
      <Unit filename="/servers/krag/hdd-home3/fwehling/raceflection/game/static/Core/include/Allocator/NamedAllocator.h">
      </Unit>
      <Unit filename="/servers/krag/hdd-home3/fwehling/raceflection/game/static/Core/include/Allocator/Policy/BoundCheckingPolicy.h">
      </Unit>
      <Unit filename="/servers/krag/hdd-home3/fwehling/raceflection/game/static/Core/include/Allocator/Policy/MemoryTaggingPolicy.h">
      </Unit>
      <Unit filename="/servers/krag/hdd-home3/fwehling/raceflection/game/static/Core/include/Allocator/Policy/MemoryTrackingPolicy.h">
      </Unit>
      <Unit filename="/servers/krag/hdd-home3/fwehling/raceflection/game/static/Core/include/Allocator/Policy/SyncPolicy.h">
      </Unit>
      <Unit filename="/servers/krag/hdd-home3/fwehling/raceflection/game/static/Core/include/Allocator/PoolAllocator.h">
      </Unit>
      <Unit filename="/servers/krag/hdd-home3/fwehling/raceflection/game/static/Core/include/Allocator/ProxyAllocator.h">
      </Unit>
      <Unit filename="/servers/krag/hdd-home3/fwehling/raceflection/game/static/Core/include/Allocator/StackAllocator.h">
      </Unit>
      <Unit filename="/servers/krag/hdd-home3/fwehling/raceflection/game/static/Core/include/CompileTime/Preprocessor.h">
      </Unit>
      <Unit filename="/servers/krag/hdd-home3/fwehling/raceflection/game/static/Core/include/CompileTime/Templates.h">
      </Unit>
      <Unit filename="/servers/krag/hdd-home3/fwehling/raceflection/game/static/Core/include/CompileTime/Tuple.h">
      </Unit>
      <Unit filename="/servers/krag/hdd-home3/fwehling/raceflection/game/static/Core/include/Configuration/ConfigSettings.h">
      </Unit>
      <Unit filename="/servers/krag/hdd-home3/fwehling/raceflection/game/static/Core/include/Configuration/Configuration.h">
      </Unit>
      <Unit filename="/servers/krag/hdd-home3/fwehling/raceflection/game/static/Core/include/Container/Array.h">
      </Unit>
      <Unit filename="/servers/krag/hdd-home3/fwehling/raceflection/game/static/Core/include/Container/Container.h">
      </Unit>
      <Unit filename="/servers/krag/hdd-home3/fwehling/raceflection/game/static/Core/include/Container/FreeList.h">
      </Unit>
      <Unit filename="/servers/krag/hdd-home3/fwehling/raceflection/game/static/Core/include/Container/List.h">
      </Unit>
      <Unit filename="/servers/krag/hdd-home3/fwehling/raceflection/game/static/Core/include/Container/Map.h">
      </Unit>
      <Unit filename="/servers/krag/hdd-home3/fwehling/raceflection/game/static/Core/include/Container/Queue.h">
      </Unit>
      <Unit filename="/servers/krag/hdd-home3/fwehling/raceflection/game/static/Core/include/Container/Set.h">
      </Unit>
      <Unit filename="/servers/krag/hdd-home3/fwehling/raceflection/game/static/Core/include/Container/WorkStealingQueue.h">
      </Unit>
      <Unit filename="/servers/krag/hdd-home3/fwehling/raceflection/game/static/Core/include/Core.h">
      </Unit>
      <Unit filename="/servers/krag/hdd-home3/fwehling/raceflection/game/static/Core/include/Delegates/Combiner.h">
      </Unit>
      <Unit filename="/servers/krag/hdd-home3/fwehling/raceflection/game/static/Core/include/Delegates/Delegate.h">
      </Unit>
      <Unit filename="/servers/krag/hdd-home3/fwehling/raceflection/game/static/Core/include/Delegates/DelegatePool.h">
      </Unit>
      <Unit filename="/servers/krag/hdd-home3/fwehling/raceflection/game/static/Core/include/Delegates/EventQueue.h">
      </Unit>
      <Unit filename="/servers/krag/hdd-home3/fwehling/raceflection/game/static/Core/include/Delegates/SigSlot.h">
      </Unit>
      <Unit filename="/servers/krag/hdd-home3/fwehling/raceflection/game/static/Core/include/Logging/FilterPolicies.h">
      </Unit>
      <Unit filename="/servers/krag/hdd-home3/fwehling/raceflection/game/static/Core/include/Logging/FormatPolicies.h">
      </Unit>
      <Unit filename="/servers/krag/hdd-home3/fwehling/raceflection/game/static/Core/include/Logging/Logger.h">
      </Unit>
      <Unit filename="/servers/krag/hdd-home3/fwehling/raceflection/game/static/Core/include/Logging/LoggerImpl.h">
      </Unit>
      <Unit filename="/servers/krag/hdd-home3/fwehling/raceflection/game/static/Core/include/Logging/Logging.h">
      </Unit>
      <Unit filename="/servers/krag/hdd-home3/fwehling/raceflection/game/static/Core/include/Logging/WriterPolicies.h">
      </Unit>
      <Unit filename="/servers/krag/hdd-home3/fwehling/raceflection/game/static/Core/include/Math/Math.h">
      </Unit>
      <Unit filename="/servers/krag/hdd-home3/fwehling/raceflection/game/static/Core/include/Math/WindowsInstructions/Accessor.h">
      </Unit>
      <Unit filename="/servers/krag/hdd-home3/fwehling/raceflection/game/static/Core/include/Math/WindowsInstructions/Color.h">
      </Unit>
      <Unit filename="/servers/krag/hdd-home3/fwehling/raceflection/game/static/Core/include/Math/WindowsInstructions/Conversion.h">
      </Unit>
      <Unit filename="/servers/krag/hdd-home3/fwehling/raceflection/game/static/Core/include/Math/WindowsInstructions/Instructions.h">
      </Unit>
      <Unit filename="/servers/krag/hdd-home3/fwehling/raceflection/game/static/Core/include/Math/WindowsInstructions/Load.h">
      </Unit>
      <Unit filename="/servers/krag/hdd-home3/fwehling/raceflection/game/static/Core/include/Math/WindowsInstructions/Matrix.h">
      </Unit>
      <Unit filename="/servers/krag/hdd-home3/fwehling/raceflection/game/static/Core/include/Math/WindowsInstructions/Plane.h">
      </Unit>
      <Unit filename="/servers/krag/hdd-home3/fwehling/raceflection/game/static/Core/include/Math/WindowsInstructions/Quaternion.h">
      </Unit>
      <Unit filename="/servers/krag/hdd-home3/fwehling/raceflection/game/static/Core/include/Math/WindowsInstructions/Scalar.h">
      </Unit>
      <Unit filename="/servers/krag/hdd-home3/fwehling/raceflection/game/static/Core/include/Math/WindowsInstructions/Store.h">
      </Unit>
      <Unit filename="/servers/krag/hdd-home3/fwehling/raceflection/game/static/Core/include/Math/WindowsInstructions/Typedefs.h">
      </Unit>
      <Unit filename="/servers/krag/hdd-home3/fwehling/raceflection/game/static/Core/include/Math/WindowsInstructions/Utility.h">
      </Unit>
      <Unit filename="/servers/krag/hdd-home3/fwehling/raceflection/game/static/Core/include/Math/WindowsInstructions/Vector.h">
      </Unit>
      <Unit filename="/servers/krag/hdd-home3/fwehling/raceflection/game/static/Core/include/Math/WindowsInstructions/__instructions.h">
      </Unit>
      <Unit filename="/servers/krag/hdd-home3/fwehling/raceflection/game/static/Core/include/Memory/Malloc.h">
      </Unit>
      <Unit filename="/servers/krag/hdd-home3/fwehling/raceflection/game/static/Core/include/Memory/VirtualMemory.h">
      </Unit>
      <Unit filename="/servers/krag/hdd-home3/fwehling/raceflection/game/static/Core/include/MemorySystem.h">
      </Unit>
      <Unit filename="/servers/krag/hdd-home3/fwehling/raceflection/game/static/Core/include/Multithreading/JobScheduler.h">
      </Unit>
      <Unit filename="/servers/krag/hdd-home3/fwehling/raceflection/game/static/Core/include/Multithreading/ParallelFor.h">
      </Unit>
      <Unit filename="/servers/krag/hdd-home3/fwehling/raceflection/game/static/Core/include/Multithreading/ThreadGroup.h">
      </Unit>
      <Unit filename="/servers/krag/hdd-home3/fwehling/raceflection/game/static/Core/include/Path.h">
      </Unit>
      <Unit filename="/servers/krag/hdd-home3/fwehling/raceflection/game/static/Core/include/Point.h">
      </Unit>
      <Unit filename="/servers/krag/hdd-home3/fwehling/raceflection/game/static/Core/include/Predefs.h">
      </Unit>
      <Unit filename="/servers/krag/hdd-home3/fwehling/raceflection/game/static/Core/include/Size.h">
      </Unit>
      <Unit filename="/servers/krag/hdd-home3/fwehling/raceflection/game/static/Core/include/Utilities/Assert.h">
      </Unit>
      <Unit filename="/servers/krag/hdd-home3/fwehling/raceflection/game/static/Core/include/Utilities/Flags.h">
      </Unit>
      <Unit filename="/servers/krag/hdd-home3/fwehling/raceflection/game/static/Core/include/Utilities/FloatCompressor.h">
      </Unit>
      <Unit filename="/servers/krag/hdd-home3/fwehling/raceflection/game/static/Core/include/Utilities/Handle.h">
      </Unit>
      <Unit filename="/servers/krag/hdd-home3/fwehling/raceflection/game/static/Core/include/Utilities/Hash.h">
      </Unit>
      <Unit filename="/servers/krag/hdd-home3/fwehling/raceflection/game/static/Core/include/Utilities/Number.h">
      </Unit>
      <Unit filename="/servers/krag/hdd-home3/fwehling/raceflection/game/static/Core/include/Utilities/PointerTools.h">
      </Unit>
      <Unit filename="/servers/krag/hdd-home3/fwehling/raceflection/game/static/Core/include/Utilities/RadixSort.h">
      </Unit>
      <Unit filename="/servers/krag/hdd-home3/fwehling/raceflection/game/static/Core/include/Utilities/Random.h">
      </Unit>
      <Unit filename="/servers/krag/hdd-home3/fwehling/raceflection/game/static/Core/include/Utilities/SourceInfo.h">
      </Unit>
      <Unit filename="/servers/krag/hdd-home3/fwehling/raceflection/game/CMakeLists.txt">
          <Option virtualFolder="CMake Files\" />
      </Unit>
      <Unit filename="/servers/krag/hdd-home3/fwehling/raceflection/game/../cmake/preproject.cmake">
          <Option virtualFolder="CMake Files\..\cmake\" />
      </Unit>
      <Unit filename="/servers/krag/hdd-home3/fwehling/raceflection/game/../cmake/find_files.cmake">
          <Option virtualFolder="CMake Files\..\cmake\" />
      </Unit>
      <Unit filename="/servers/krag/hdd-home3/fwehling/raceflection/game/../cmake/global.cmake">
          <Option virtualFolder="CMake Files\..\cmake\" />
      </Unit>
      <Unit filename="/servers/krag/hdd-home3/fwehling/raceflection/game/../cmake/DebugOptimized.cmake">
          <Option virtualFolder="CMake Files\..\cmake\" />
      </Unit>
      <Unit filename="/servers/krag/hdd-home3/fwehling/raceflection/game/../cmake/glfw.cmake">
          <Option virtualFolder="CMake Files\..\cmake\" />
      </Unit>
      <Unit filename="/servers/krag/hdd-home3/fwehling/raceflection/game/../cmake/FindPkgMacros.cmake">
          <Option virtualFolder="CMake Files\..\cmake\" />
      </Unit>
      <Unit filename="/servers/krag/hdd-home3/fwehling/raceflection/game/../cmake/OIS.cmake">
          <Option virtualFolder="CMake Files\..\cmake\" />
      </Unit>
      <Unit filename="/servers/krag/hdd-home3/fwehling/raceflection/game/../cmake/FindPkgMacros.cmake">
          <Option virtualFolder="CMake Files\..\cmake\" />
      </Unit>
      <Unit filename="/servers/krag/hdd-home3/fwehling/raceflection/game/../cmake/acgl.cmake">
          <Option virtualFolder="CMake Files\..\cmake\" />
      </Unit>
      <Unit filename="/servers/krag/hdd-home3/fwehling/raceflection/game/../cmake/FindPkgMacros.cmake">
          <Option virtualFolder="CMake Files\..\cmake\" />
      </Unit>
      <Unit filename="/servers/krag/hdd-home3/fwehling/raceflection/game/../cmake/OpenGL.cmake">
          <Option virtualFolder="CMake Files\..\cmake\" />
      </Unit>
      <Unit filename="/servers/krag/hdd-home3/fwehling/raceflection/game/../cmake/bullet3.cmake">
          <Option virtualFolder="CMake Files\..\cmake\" />
      </Unit>
      <Unit filename="/servers/krag/hdd-home3/fwehling/raceflection/game/../cmake/FindPkgMacros.cmake">
          <Option virtualFolder="CMake Files\..\cmake\" />
      </Unit>
      <Unit filename="/servers/krag/hdd-home3/fwehling/raceflection/game/../cmake/find_files.cmake">
          <Option virtualFolder="CMake Files\..\cmake\" />
      </Unit>
      <Unit filename="/servers/krag/hdd-home3/fwehling/raceflection/game/../cmake/global.cmake">
          <Option virtualFolder="CMake Files\..\cmake\" />
      </Unit>
      <Unit filename="/servers/krag/hdd-home3/fwehling/raceflection/game/../cmake/DebugOptimized.cmake">
          <Option virtualFolder="CMake Files\..\cmake\" />
      </Unit>
      <Unit filename="/servers/krag/hdd-home3/fwehling/raceflection/game/static/CMakeStaticLibGeneration.cmake">
          <Option virtualFolder="CMake Files\static\" />
      </Unit>
      <Unit filename="/servers/krag/hdd-home3/fwehling/raceflection/game/static/Core/CMakeLists.txt">
          <Option virtualFolder="CMake Files\static\Core\" />
      </Unit>
      <Unit filename="/servers/krag/hdd-home3/fwehling/raceflection/game/application/CMakeApplicationGeneration.cmake">
          <Option virtualFolder="CMake Files\application\" />
      </Unit>
      <Unit filename="/servers/krag/hdd-home3/fwehling/raceflection/game/application/RacingGame/CMakeLists.txt">
          <Option virtualFolder="CMake Files\application\RacingGame\" />
      </Unit>
   </Project>
</CodeBlocks_project_file>
